version = 1
revision = 3
requires-python = ">=3.13"

[[package]]
name = "attrs"
version = "26.1.0"
source = { registry = "https://pypi.org/simple" }
sdist = { url = "https://files.pythonhosted.org/packages/9a/8e/82a0fe20a541c03148528be8cac2408564a6c9a0cc7e9171802bc1d26985/attrs-26.1.0.tar.gz", hash = "sha256:d03ceb89cb322a8fd706d4fb91940737b6642aa36998fe130a9bc96c985eff32", size = 952055, upload-time = "2026-03-19T14:22:25.026Z" }
wheels = [
    { url = "https://files.pythonhosted.org/packages/64/b4/17d4b0b2a2dc85a6df63d1157e028ed19f90d4cd97c36717afef2bc2f395/attrs-26.1.0-py3-none-any.whl", hash = "sha256:c647aa4a12dfbad9333ca4e71fe62ddc36f4e63b2d260a37a8b83d2f043ac309", size = 67548, upload-time = "2026-03-19T14:22:23.645Z" },
]

[[package]]
name = "beautifulsoup4"
version = "4.15.0"
source = { registry = "https://pypi.org/simple" }
dependencies = [
    { name = "soupsieve" },
    { name = "typing-extensions" },
]
sdist = { url = "https://files.pythonhosted.org/packages/43/65/318323f98dbee45d42dff61d8f047181bc6f2268a9068cfad035a46be5af/beautifulsoup4-4.15.0.tar.gz", hash = "sha256:288e3ca7d54b06f2ac191970bc275c1939cb46d450b255bf6718b04aa37ab4f7", size = 632571, upload-time = "2026-06-07T16:44:20.453Z" }
wheels = [
    { url = "https://files.pythonhosted.org/packages/88/c6/92fcd42f1ba33e1184263f25bfabf3d27c383410470f169e4b8163bf9c17/beautifulsoup4-4.15.0-py3-none-any.whl", hash = "sha256:d6f88de62e1d4e38ecb1077eb9724cd0eff29d2a08ca16a401e9b9e93f117cf9", size = 109924, upload-time = "2026-06-07T16:44:21.566Z" },
]

[[package]]
name = "colorama"
version = "0.4.6"
source = { registry = "https://pypi.org/simple" }
sdist = { url = "https://files.pythonhosted.org/packages/d8/53/6f443c9a4a8358a93a6792e2acffb9d9d5cb0a5cfd8802644b7b1c9a02e4/colorama-0.4.6.tar.gz", hash = "sha256:08695f5cb7ed6e0531a20572697297273c47b8cae5a63ffc6d6ed5c201be6e44", size = 27697, upload-time = "2022-10-25T02:36:22.414Z" }
wheels = [
    { url = "https://files.pythonhosted.org/packages/d1/d6/3965ed04c63042e047cb6a3e6ed1a63a35087b6a609aa3a15ed8ac56c221/colorama-0.4.6-py2.py3-none-any.whl", hash = "sha256:4f1d9991f5acc0ca119f9d443620b77f9d6b33703e51011c16baf57afb285fc6", size = 25335, upload-time = "2022-10-25T02:36:20.889Z" },
]

[[package]]
name = "dotenv"
version = "0.9.9"
source = { registry = "https://pypi.org/simple" }
dependencies = [
    { name = "python-dotenv" },
]
wheels = [
    { url = "https://files.pythonhosted.org/packages/b2/b7/545d2c10c1fc15e48653c91efde329a790f2eecfbbf2bd16003b5db2bab0/dotenv-0.9.9-py2.py3-none-any.whl", hash = "sha256:29cf74a087b31dafdb5a446b6d7e11cbce8ed2741540e2339c69fbef92c94ce9", size = 1892, upload-time = "2025-02-19T22:15:01.647Z" },
]

[[package]]
name = "gnureadline"
version = "8.3.3"
source = { registry = "https://pypi.org/simple" }
sdist = { url = "https://files.pythonhosted.org/packages/34/33/d0a1a41e687f0d1956cc5a7b07735c6893f3fa061440fddb7a2c9d2bcd35/gnureadline-8.3.3.tar.gz", hash = "sha256:0972392bd2f31244e2d981178246fe8b729c8766454fdaeb275946ac47b7e9fd", size = 3595875, upload-time = "2026-01-06T15:03:17.802Z" }
wheels = [
    { url = "https://files.pythonhosted.org/packages/1d/a6/69fc7b54bbc74797c8ede68904b6b1f3fe9c891f1bb6be12a6b40d5aa76c/gnureadline-8.3.3-cp313-cp313-macosx_10_13_x86_64.whl", hash = "sha256:14df36d06f8102caadff0df0a87ba33b381c2b22904f0ed2ad527784f5ec9f46", size = 167501, upload-time = "2026-01-06T15:04:11.297Z" },
    { url = "https://files.pythonhosted.org/packages/12/ae/1a20910eee2582eab73c4aea1ff6bd71ba78e0d12d58cddec32e7936fb42/gnureadline-8.3.3-cp313-cp313-macosx_11_0_arm64.whl", hash = "sha256:75519fea565510a868389cd841e45d64140a323d723dda30edf72009c2e3362f", size = 167327, upload-time = "2026-01-06T15:04:12.401Z" },
    { url = "https://files.pythonhosted.org/packages/71/e2/e87ec94780fee48e0b614c609b41d97945839e2c5260d4c2e823507e87f6/gnureadline-8.3.3-cp313-cp313-manylinux2014_aarch64.manylinux_2_17_aarch64.manylinux_2_28_aarch64.whl", hash = "sha256:1267ba734d24ffbc8967191c5bc213f6dd8718284d917c69a3ee7d2541e60179", size = 698275, upload-time = "2026-01-06T15:04:13.881Z" },
    { url = "https://files.pythonhosted.org/packages/f5/09/9c9559ab69c5232a4f7f72614203331df68bf1bbfda446db0dc948f8d0d4/gnureadline-8.3.3-cp313-cp313-manylinux2014_x86_64.manylinux_2_17_x86_64.manylinux_2_28_x86_64.whl", hash = "sha256:a326ef2fb5e213518b96ef41b1f74c12f61d2ac8c2dca9ae6dbf88991b46244e", size = 705259, upload-time = "2026-01-06T15:04:15.216Z" },
    { url = "https://files.pythonhosted.org/packages/2a/ea/93d9bcccb3f0b02f9cf07c57c2492512f75b27d82fb722629698edf5356b/gnureadline-8.3.3-cp313-cp313t-macosx_10_13_x86_64.whl", hash = "sha256:8012e70db91f13409f36655a10f9752c43d9848de6d1ed379b526f3f8a449a44", size = 168490, upload-time = "2026-01-06T15:04:16.526Z" },
    { url = "https://files.pythonhosted.org/packages/6e/85/fd0f7fce581c56a45e2d53e34c29c9b82b6c3fd082533872e54d105a1bf5/gnureadline-8.3.3-cp313-cp313t-macosx_11_0_arm64.whl", hash = "sha256:da1335bdc70fc99f45578d7cdeb89bd5a16e0d26785bbe5bcc1dc1acdd7a7734", size = 168265, upload-time = "2026-01-06T15:04:18.262Z" },
    { url = "https://files.pythonhosted.org/packages/4c/16/dee379d104a9b55e011b1e8d0f1bd15fcf6e96d57abcfbdf78c638f26aa1/gnureadline-8.3.3-cp313-cp313t-manylinux2014_aarch64.manylinux_2_17_aarch64.manylinux_2_28_aarch64.whl", hash = "sha256:11e4d8572eba509aca690e026928e1cd3df3f1b5ec39b551c6571cfd559f84e1", size = 712395, upload-time = "2026-01-06T15:04:19.72Z" },
    { url = "https://files.pythonhosted.org/packages/e1/fc/5d34adade939e65bc1a26d0485feb7167a52531237deb73c90cbc74348a8/gnureadline-8.3.3-cp313-cp313t-manylinux2014_x86_64.manylinux_2_17_x86_64.manylinux_2_28_x86_64.whl", hash = "sha256:5b10e62f86f3738682ac5df2165fa711eba1f35193dc8a1af20d794434ca2816", size = 717655, upload-time = "2026-01-06T15:04:20.905Z" },
    { url = "https://files.pythonhosted.org/packages/0c/b7/f8c9be26236c376c796a8b6ada0d4efe9bc604843d97c5bef0b86b4e865f/gnureadline-8.3.3-cp314-cp314-macosx_10_15_x86_64.whl", hash = "sha256:251495414ee34dd7f068e0c4f09ee46f068e0e08a75428a7fbdf41a8ffa8bb27", size = 167489, upload-time = "2026-01-06T15:04:22.465Z" },
    { url = "https://files.pythonhosted.org/packages/bd/2b/ec2958df1bbb878d56c29b5ef7fbf1f1eb2c3b27bb3e9e1b4bff71a7dfad/gnureadline-8.3.3-cp314-cp314-macosx_11_0_arm64.whl", hash = "sha256:8513db40b4c5404ad3e883ad747e0cf113ec7b0b884dff1f6f873f9a1c1d2432", size = 167309, upload-time = "2026-01-06T15:04:23.69Z" },
    { url = "https://files.pythonhosted.org/packages/ae/9f/1d8e8f83a8e36e011436311ef9c917fb8707d945fd1a18366cbc82f53937/gnureadline-8.3.3-cp314-cp314-manylinux2014_aarch64.manylinux_2_17_aarch64.manylinux_2_28_aarch64.whl", hash = "sha256:c1dabc49d09ab802dccb9f8057956cf9561b2ff9e5e4f7c2e2ad103356b2397d", size = 698298, upload-time = "2026-01-06T15:04:24.95Z" },
    { url = "https://files.pythonhosted.org/packages/7a/37/051029b1ae589dac216c6c2d7ce0c011a5cc868c64e8b3e0c9ffac79aa0f/gnureadline-8.3.3-cp314-cp314-manylinux2014_x86_64.manylinux_2_17_x86_64.manylinux_2_28_x86_64.whl", hash = "sha256:320c9c47ecbfa2ea89f1821fa289b6f41f830654832a6069329dc3dda06f6784", size = 704708, upload-time = "2026-01-06T15:04:26.754Z" },
    { url = "https://files.pythonhosted.org/packages/c9/bc/f32652ca2e685ad11862a3b9976d0ff7bccdf476cd60921fba144b65cd41/gnureadline-8.3.3-cp314-cp314t-macosx_10_15_x86_64.whl", hash = "sha256:dfd893dac7b63f71dc41dce5d31c05388e55cb7bc6b58535e2a0eb29a5ad0352", size = 168590, upload-time = "2026-01-06T15:04:28.266Z" },
    { url = "https://files.pythonhosted.org/packages/6b/8e/30a82d454640430a472660727f16c7804848a4f4af4f0bbfca410bc4250d/gnureadline-8.3.3-cp314-cp314t-macosx_11_0_arm64.whl", hash = "sha256:1a954229ac14210f8efbbd724184f26a09a5b85ddb027a1f4ab64c22da59cf69", size = 168268, upload-time = "2026-01-06T15:04:29.467Z" },
    { url = "https://files.pythonhosted.org/packages/93/3e/52868275f90188a472b300af1668be1393b4fbe2bd04db14cebc45cabca0/gnureadline-8.3.3-cp314-cp314t-manylinux2014_aarch64.manylinux_2_17_aarch64.manylinux_2_28_aarch64.whl", hash = "sha256:f7c23f4bf5c67d337a9e1a9c3e77e0eaadef76642c36e52f5fac31ef1eb5111e", size = 712520, upload-time = "2026-01-06T15:04:30.882Z" },
    { url = "https://files.pythonhosted.org/packages/b7/d3/55553947c4c71765b074c1870a236244cefdfab241689b11dd778b666936/gnureadline-8.3.3-cp314-cp314t-manylinux2014_x86_64.manylinux_2_17_x86_64.manylinux_2_28_x86_64.whl", hash = "sha256:a27edaec97f038ba3eafa69fc79fa82bedf963319502fa065361ac1b1edffb3e", size = 717705, upload-time = "2026-01-06T15:04:32.662Z" },
]

[[package]]
name = "imapclient"
version = "3.1.0"
source = { registry = "https://pypi.org/simple" }
sdist = { url = "https://files.pythonhosted.org/packages/58/79/8138f8c91e791f49cf4c2269b1eaaaddb93013d162e92ddc249b84d38105/imapclient-3.1.0.tar.gz", hash = "sha256:b0413a516ffcc4b4d69f2c611c0e95da57968edf5a5c78ac82d1bf882305facc", size = 199675, upload-time = "2026-01-17T18:50:12.186Z" }
wheels = [
    { url = "https://files.pythonhosted.org/packages/8a/a8/a0f86ed51f792d9e6afcc062db2766033be7d1028d1fd5deaf38b075430a/imapclient-3.1.0-py2.py3-none-any.whl", hash = "sha256:34c192ffe82936e940a998ac89c474296942cd7c4f6c208f0fccfcd972946038", size = 182536, upload-time = "2026-01-17T18:49:09.105Z" },
]

[[package]]
name = "inbox-manager"
version = "0.1.0"
source = { editable = "." }
dependencies = [
    { name = "dotenv" },
    { name = "gnureadline" },
    { name = "imapclient" },
    { name = "markdown-it-py" },
    { name = "nh3" },
    { name = "report-cache" },
    { name = "whimsy-lookup" },
]

[package.optional-dependencies]
test = [
    { name = "pytest" },
]

[package.metadata]
requires-dist = [
    { name = "dotenv" },
    { name = "gnureadline" },
    { name = "imapclient" },
    { name = "markdown-it-py" },
    { name = "nh3" },
    { name = "pytest", marker = "extra == 'test'", specifier = ">=7.0" },
    { name = "report-cache", editable = "../report_cache" },
    { name = "whimsy-lookup", editable = "../whimsy_lookup" },
]
provides-extras = ["test"]

[[package]]
name = "iniconfig"
version = "2.3.0"
source = { registry = "https://pypi.org/simple" }
sdist = { url = "https://files.pythonhosted.org/packages/72/34/14ca021ce8e5dfedc35312d08ba8bf51fdd999c576889fc2c24cb97f4f10/iniconfig-2.3.0.tar.gz", hash = "sha256:c76315c77db068650d49c5b56314774a7804df16fee4402c1f19d6d15d8c4730", size = 20503, upload-time = "2025-10-18T21:55:43.219Z" }
wheels = [
    { url = "https://files.pythonhosted.org/packages/cb/b1/3846dd7f199d53cb17f49cba7e651e9ce294d8497c8c150530ed11865bb8/iniconfig-2.3.0-py3-none-any.whl", hash = "sha256:f631c04d2c48c52b84d0d0549c99ff3859c98df65b3101406327ecc7d53fbf12", size = 7484, upload-time = "2025-10-18T21:55:41.639Z" },
]

[[package]]
name = "markdown-it-py"
version = "4.2.0"
source = { registry = "https://pypi.org/simple" }
dependencies = [
    { name = "mdurl" },
]
sdist = { url = "https://files.pythonhosted.org/packages/06/ff/7841249c247aa650a76b9ee4bbaeae59370dc8bfd2f6c01f3630c35eb134/markdown_it_py-4.2.0.tar.gz", hash = "sha256:04a21681d6fbb623de53f6f364d352309d4094dd4194040a10fd51833e418d49", size = 82454, upload-time = "2026-05-07T12:08:28.36Z" }
wheels = [
    { url = "https://files.pythonhosted.org/packages/b3/81/4da04ced5a082363ecfa159c010d200ecbd959ae410c10c0264a38cac0f5/markdown_it_py-4.2.0-py3-none-any.whl", hash = "sha256:9f7ebbcd14fe59494226453aed97c1070d83f8d24b6fc3a3bcf9a38092641c4a", size = 91687, upload-time = "2026-05-07T12:08:27.182Z" },
]

[[package]]
name = "markdownify"
version = "1.2.3"
source = { registry = "https://pypi.org/simple" }
dependencies = [
    { name = "beautifulsoup4" },
    { name = "six" },
]
sdist = { url = "https://files.pythonhosted.org/packages/92/ab/d1297139c0e2ceb151ae564c8c4f57ac0155d8f1f8b4cbd5d6523c82ea36/markdownify-1.2.3.tar.gz", hash = "sha256:1a176f05522c8a2cb1dd3ab9d307dcdadbed5c26ae717855bfc42b3b6d38d937", size = 18852, upload-time = "2026-06-30T20:27:39.06Z" }
wheels = [
    { url = "https://files.pythonhosted.org/packages/04/10/fa543d484e8b1199243fe20eedd02cc5af050edebce98a7293a5773df592/markdownify-1.2.3-py3-none-any.whl", hash = "sha256:a189a0bedfd14009030fde5f85bb6f77c56897cb839b5c25315dd7d4e3e290ba", size = 15732, upload-time = "2026-06-30T20:27:38.094Z" },
]

[[package]]
name = "mdurl"
version = "0.1.2"
source = { registry = "https://pypi.org/simple" }
sdist = { url = "https://files.pythonhosted.org/packages/d6/54/cfe61301667036ec958cb99bd3efefba235e65cdeb9c84d24a8293ba1d90/mdurl-0.1.2.tar.gz", hash = "sha256:bb413d29f5eea38f31dd4754dd7377d4465116fb207585f97bf925588687c1ba", size = 8729, upload-time = "2022-08-14T12:40:10.846Z" }
wheels = [
    { url = "https://files.pythonhosted.org/packages/b3/38/89ba8ad64ae25be8de66a6d463314cf1eb366222074cfda9ee839c56a4b4/mdurl-0.1.2-py3-none-any.whl", hash = "sha256:84008a41e51615a49fc9966191ff91509e3c40b939176e643fd50a5c2196b8f8", size = 9979, upload-time = "2022-08-14T12:40:09.779Z" },
]

[[package]]
name = "nh3"
version = "0.3.5"
source = { registry = "https://pypi.org/simple" }
sdist = { url = "https://files.pythonhosted.org/packages/9c/5f/1d19bdc7d27238e37f3672cdc02cb77c56a4a86d140cd4f4f23c90df6e16/nh3-0.3.5.tar.gz", hash = "sha256:45855e14ff056064fec77133bfcf7cd691838168e5e17bbef075394954dc9dc8", size = 20743, upload-time = "2026-04-25T10:44:16.066Z" }
wheels = [
    { url = "https://files.pythonhosted.org/packages/63/b0/8587ac42a9627ab88e7e221601f1dfccbf4db80b2a29222ea63266dc9abc/nh3-0.3.5-cp314-cp314t-macosx_10_12_x86_64.macosx_11_0_arm64.macosx_10_12_universal2.whl", hash = "sha256:23a312224875f72cd16bde417f49071451877e29ef646a60e50fcb69407cc18a", size = 1420126, upload-time = "2026-04-25T10:43:39.834Z" },
    { url = "https://files.pythonhosted.org/packages/c0/1b/1dbc4d0c43f12e8c1784ede17eaee6f061d4fbe5505757c65c49b2ceab95/nh3-0.3.5-cp314-cp314t-manylinux_2_17_x86_64.manylinux2014_x86_64.whl", hash = "sha256:387abd011e81959d5a35151a11350a0795c6edeb53ebfa02d2e882dc01299263", size = 793943, upload-time = "2026-04-25T10:43:41.363Z" },
    { url = "https://files.pythonhosted.org/packages/47/9f/d6758d7a14ee964bf439cc35ae4fa24a763a93399c8ef6f22bd11d532d29/nh3-0.3.5-cp314-cp314t-manylinux_2_5_i686.manylinux1_i686.whl", hash = "sha256:48f45e3e914be93a596431aa143dedf1582557bf41a58153c296048d6e3798c9", size = 841150, upload-time = "2026-04-25T10:43:43.007Z" },
    { url = "https://files.pythonhosted.org/packages/b6/36/d5d1ae8374612c98f390e1ea7c610fa6c9716259a03bbf4d15b269f40073/nh3-0.3.5-cp314-cp314t-musllinux_1_2_aarch64.whl", hash = "sha256:0a09f51806fd51b4fedbf9ea2b61fef388f19aef0d62fe51199d41648be14588", size = 1008415, upload-time = "2026-04-25T10:43:44.324Z" },
    { url = "https://files.pythonhosted.org/packages/ba/8f/d13a9c3fd2d9c131a2a281737380e9379eb0f8c33fea24c2b923aaafbb15/nh3-0.3.5-cp314-cp314t-musllinux_1_2_armv7l.whl", hash = "sha256:c357f1d042c67f135a5e6babb2b0e3b9d9224ff4a3543240f597767b01384ffd", size = 1092706, upload-time = "2026-04-25T10:43:45.653Z" },
    { url = "https://files.pythonhosted.org/packages/bb/57/2f3add7f8680fcc896afa6a675cb2bab09982853ee8af40bad621f6b61c4/nh3-0.3.5-cp314-cp314t-musllinux_1_2_i686.whl", hash = "sha256:38748140bf76383ab7ce2dce0ad4cb663855d8fbc9098f7f3483673d09616a17", size = 1048346, upload-time = "2026-04-25T10:43:46.974Z" },
    { url = "https://files.pythonhosted.org/packages/c1/c3/2f9e4ffa82863074d1361bfe949bc46393d91b3411579dfbbd090b24cac5/nh3-0.3.5-cp314-cp314t-musllinux_1_2_x86_64.whl", hash = "sha256:84bdeb082544fbcb77a12c034dd77d7da0556fdc0727b787eb6214b958c15e29", size = 1029038, upload-time = "2026-04-25T10:43:48.569Z" },
    { url = "https://files.pythonhosted.org/packages/e8/10/2804deb3f3315184c9cae41702e293c87524b5a21f766b07d7fe3ffbcfbb/nh3-0.3.5-cp314-cp314t-win32.whl", hash = "sha256:c3aae321f67ae66cff2a627115f106a377d4475d10b0e13d97959a13486b9a88", size = 603263, upload-time = "2026-04-25T10:43:49.851Z" },
    { url = "https://files.pythonhosted.org/packages/eb/a2/f6685248b49f7548fc9a8c335ab3a52f68610b72e8a61576447151e4e2e6/nh3-0.3.5-cp314-cp314t-win_amd64.whl", hash = "sha256:c88605d8d468f7fc1b31e06129bc91d6c96f6c621776c9b504a0da9beac9df5f", size = 616866, upload-time = "2026-04-25T10:43:51.005Z" },
    { url = "https://files.pythonhosted.org/packages/ca/b6/d8c9018635d4acfefde6b68470daa510eed715a350cbaa2f928ba0609f81/nh3-0.3.5-cp314-cp314t-win_arm64.whl", hash = "sha256:72c5bdedec27fa33de6a5326346ea8aa3fe54f6ac294d54c4b204fb66a9f1e79", size = 602566, upload-time = "2026-04-25T10:43:52.283Z" },
    { url = "https://files.pythonhosted.org/packages/85/30/d162e99746a2fb1d98bb0ef23af3e201b156cf09f7de867c7390c8fe1c06/nh3-0.3.5-cp38-abi3-macosx_10_12_x86_64.macosx_11_0_arm64.macosx_10_12_universal2.whl", hash = "sha256:3bb854485c9b33e5bb143ff3e49e577073bc6bc320f0ff8fc316dd89c0d3c101", size = 1442393, upload-time = "2026-04-25T10:43:53.556Z" },
    { url = "https://files.pythonhosted.org/packages/25/8c/072120d506978ab053e1732d0efa7c86cb478fee0ee098fda0ac0d31cb34/nh3-0.3.5-cp38-abi3-manylinux_2_17_aarch64.manylinux2014_aarch64.whl", hash = "sha256:50d401ab2d8e86d59e2126e3ab2a2f45840c405842b626d9a51624b3a33b6878", size = 837722, upload-time = "2026-04-25T10:43:55.073Z" },
    { url = "https://files.pythonhosted.org/packages/52/86/d4e06e28c5ad1c4b065f89737d02631bd49f1660b6ebcf17a87ffcd201da/nh3-0.3.5-cp38-abi3-manylinux_2_17_armv7l.manylinux2014_armv7l.whl", hash = "sha256:acfd354e61accbe4c74f8017c6e397a776916dfe47c48643cf7fd84ade826f93", size = 822872, upload-time = "2026-04-25T10:43:56.581Z" },
    { url = "https://files.pythonhosted.org/packages/0a/62/50659255213f241ec5797ae7427464c969397373e83b3659372b341ae869/nh3-0.3.5-cp38-abi3-manylinux_2_17_ppc64.manylinux2014_ppc64.whl", hash = "sha256:52d877980d7ca01dc3baf3936bf844828bc6f332962227a684ed79c18cce14c3", size = 1100031, upload-time = "2026-04-25T10:43:58.098Z" },
    { url = "https://files.pythonhosted.org/packages/00/7a/a12ae77593b2fcf3be25df7bc1c01967d0de448bdb4b6c7ec80fe4f5a74f/nh3-0.3.5-cp38-abi3-manylinux_2_17_ppc64le.manylinux2014_ppc64le.whl", hash = "sha256:207c01801d3e9bb8ec08f08689346bdd30ce15b8bf60013a925d08b5388962a4", size = 1057669, upload-time = "2026-04-25T10:43:59.328Z" },
    { url = "https://files.pythonhosted.org/packages/2d/71/5647dc04c0233192a3956fc91708822b21403a06508cacf78083c68e7bf0/nh3-0.3.5-cp38-abi3-manylinux_2_17_s390x.manylinux2014_s390x.whl", hash = "sha256:ea232933394d1d58bf7c4bb348dc4660eae6604e1ae81cd2ba6d9ed80d390f3b", size = 914795, upload-time = "2026-04-25T10:44:00.52Z" },
    { url = "https://files.pythonhosted.org/packages/1b/0e/bf298920729f216adcb002acf7ea01b90842603d2e4e2ce9b900d9ee8fab/nh3-0.3.5-cp38-abi3-manylinux_2_17_x86_64.manylinux2014_x86_64.whl", hash = "sha256:fe3a787dc76b50de6bee54ef242f26c41dfe47654428e3e94f0fae5bb6dd2cc1", size = 806976, upload-time = "2026-04-25T10:44:01.743Z" },
    { url = "https://files.pythonhosted.org/packages/85/01/26761e1dc2b848e65a62c19e5d39ad446283287cd4afddc89f364ab86bc9/nh3-0.3.5-cp38-abi3-manylinux_2_31_riscv64.whl", hash = "sha256:488928988caad25ba14b1eb5bc74e25e21f3b5e40341d956f3ce4a8bc19460dc", size = 834904, upload-time = "2026-04-25T10:44:03.454Z" },
    { url = "https://files.pythonhosted.org/packages/33/53/0766113e679540ac1edc1b82b1295aecd321eeb75d6fead70109a838b6ee/nh3-0.3.5-cp38-abi3-manylinux_2_5_i686.manylinux1_i686.whl", hash = "sha256:2c069570b06aa848457713ad7af4a9905691291548c4466a9ad78ee95808382b", size = 857159, upload-time = "2026-04-25T10:44:05.003Z" },
    { url = "https://files.pythonhosted.org/packages/58/36/734d353dfaf292fed574b8b3092f0ef79dc6404f3879f7faaa61a4701fad/nh3-0.3.5-cp38-abi3-musllinux_1_2_aarch64.whl", hash = "sha256:eeedc90ed8c42c327e8e10e621ccfa314fc6cce35d5929f4297ff1cdb89667c4", size = 1018600, upload-time = "2026-04-25T10:44:06.18Z" },
    { url = "https://files.pythonhosted.org/packages/6b/aa/d9c59c1b49669fcb7bababa55df82385f029ad5c2651f583c3a1141cfdd1/nh3-0.3.5-cp38-abi3-musllinux_1_2_armv7l.whl", hash = "sha256:de8e8621853b6470fe928c684ee0d3f39ea8086cebafe4c416486488dea7b68d", size = 1103530, upload-time = "2026-04-25T10:44:07.68Z" },
    { url = "https://files.pythonhosted.org/packages/90/b0/cdd210bfb8d9d43fb02fc3c868336b9955934d8e15e66eb1d15a147b8af0/nh3-0.3.5-cp38-abi3-musllinux_1_2_i686.whl", hash = "sha256:6ea58cc44d274c643b83547ca9654a0b1a817609b160601356f76a2b744c49ad", size = 1061754, upload-time = "2026-04-25T10:44:09.362Z" },
    { url = "https://files.pythonhosted.org/packages/ce/cb/7a39e72e668c8445bdd95e494b3e21cfdddc68329be8ea3522c8befb46c4/nh3-0.3.5-cp38-abi3-musllinux_1_2_x86_64.whl", hash = "sha256:e49c9b564e6bcb03ecd2f057213df9a0de15a95812ac9db9600b590db23d3ae9", size = 1040938, upload-time = "2026-04-25T10:44:10.775Z" },
    { url = "https://files.pythonhosted.org/packages/af/4c/fc2f9ed208a3801a319f59b5fea03cdc20cf3bd8af14be930d3a8de01224/nh3-0.3.5-cp38-abi3-win32.whl", hash = "sha256:559e4c73b689e9a7aa97ac9760b1bc488038d7c1a575aa4ab5a0e19ee9630c0f", size = 611445, upload-time = "2026-04-25T10:44:12.317Z" },
    { url = "https://files.pythonhosted.org/packages/db/1a/e4c9b5e2ae13e6092c9ec16d8ca30646cb01fcdea245f36c5b08fd21fbd5/nh3-0.3.5-cp38-abi3-win_amd64.whl", hash = "sha256:45e6a65dc88a300a2e3502cb9c8e6d1d6b831d6fba7470643333609c6aab1f30", size = 626502, upload-time = "2026-04-25T10:44:13.682Z" },
    { url = "https://files.pythonhosted.org/packages/80/7c/19cd0671d1ba2762fb388fc149697d20d0568ccfeef833b11280a619e526/nh3-0.3.5-cp38-abi3-win_arm64.whl", hash = "sha256:8f85285700a18e9f3fc5bff41fe573fa84f81542ef13b48a89f9fecca0474d3b", size = 611069, upload-time = "2026-04-25T10:44:14.934Z" },
]

[[package]]
name = "packaging"
version = "26.2"
source = { registry = "https://pypi.org/simple" }
sdist = { url = "https://files.pythonhosted.org/packages/d7/f1/e7a6dd94a8d4a5626c03e4e99c87f241ba9e350cd9e6d75123f992427270/packaging-26.2.tar.gz", hash = "sha256:ff452ff5a3e828ce110190feff1178bb1f2ea2281fa2075aadb987c2fb221661", size = 228134, upload-time = "2026-04-24T20:15:23.917Z" }
wheels = [
    { url = "https://files.pythonhosted.org/packages/df/b2/87e62e8c3e2f4b32e5fe99e0b86d576da1312593b39f47d8ceef365e95ed/packaging-26.2-py3-none-any.whl", hash = "sha256:5fc45236b9446107ff2415ce77c807cee2862cb6fac22b8a73826d0693b0980e", size = 100195, upload-time = "2026-04-24T20:15:22.081Z" },
]

[[package]]
name = "pluggy"
version = "1.6.0"
source = { registry = "https://pypi.org/simple" }
sdist = { url = "https://files.pythonhosted.org/packages/f9/e2/3e91f31a7d2b083fe6ef3fa267035b518369d9511ffab804f839851d2779/pluggy-1.6.0.tar.gz", hash = "sha256:7dcc130b76258d33b90f61b658791dede3486c3e6bfb003ee5c9bfb396dd22f3", size = 69412, upload-time = "2025-05-15T12:30:07.975Z" }
wheels = [
    { url = "https://files.pythonhosted.org/packages/54/20/4d324d65cc6d9205fabedc306948156824eb9f0ee1633355a8f7ec5c66bf/pluggy-1.6.0-py3-none-any.whl", hash = "sha256:e920276dd6813095e9377c0bc5566d94c932c33b27a3e3945d8389c374dd4746", size = 20538, upload-time = "2025-05-15T12:30:06.134Z" },
]

[[package]]
name = "pygments"
version = "2.20.0"
source = { registry = "https://pypi.org/simple" }
sdist = { url = "https://files.pythonhosted.org/packages/c3/b2/bc9c9196916376152d655522fdcebac55e66de6603a76a02bca1b6414f6c/pygments-2.20.0.tar.gz", hash = "sha256:6757cd03768053ff99f3039c1a36d6c0aa0b263438fcab17520b30a303a82b5f", size = 4955991, upload-time = "2026-03-29T13:29:33.898Z" }
wheels = [
    { url = "https://files.pythonhosted.org/packages/f4/7e/a72dd26f3b0f4f2bf1dd8923c85f7ceb43172af56d63c7383eb62b332364/pygments-2.20.0-py3-none-any.whl", hash = "sha256:81a9e26dd42fd28a23a2d169d86d7ac03b46e2f8b59ed4698fb4785f946d0176", size = 1231151, upload-time = "2026-03-29T13:29:30.038Z" },
]

[[package]]
name = "pypdf"
version = "6.15.0"
source = { registry = "https://pypi.org/simple" }
sdist = { url = "https://files.pythonhosted.org/packages/17/17/ee75a92718ec7212de831e71454d702225aa5e474a805cce169806044453/pypdf-6.15.0.tar.gz", hash = "sha256:d39c4d955a76409284a905e2d65b40076d77ab76129e0faaeeb6612403ecfc79", size = 6993794, upload-time = "2026-08-06T13:06:49.929Z" }
wheels = [
    { url = "https://files.pythonhosted.org/packages/af/72/ce3067ac31e214a66388159f8462ddb8c13dd00170f24d555a1f1ae8ee91/pypdf-6.15.0-py3-none-any.whl", hash = "sha256:14e001d6504822cb1ca9c7ed9a69bccb320f59b320730f55af804361abe4d5ee", size = 378123, upload-time = "2026-08-06T13:06:47.709Z" },
]

[[package]]
name = "pytest"
version = "9.1.0"
source = { registry = "https://pypi.org/simple" }
dependencies = [
    { name = "colorama", marker = "sys_platform == 'win32'" },
    { name = "iniconfig" },
    { name = "packaging" },
    { name = "pluggy" },
    { name = "pygments" },
]
sdist = { url = "https://files.pythonhosted.org/packages/84/0e/b5858858d74958632c49b72cb25a3976ff9f632397626715be71c89d3971/pytest-9.1.0.tar.gz", hash = "sha256:41dd9148c08072446394cefd3d79701701335a9f4cae69ba92e39f6c7f5c061c", size = 1634181, upload-time = "2026-06-13T18:52:45.983Z" }
wheels = [
    { url = "https://files.pythonhosted.org/packages/8b/5a/ba30a81239b909821b3153e303e7def45178bf353da4f72380e6c5e8793b/pytest-9.1.0-py3-none-any.whl", hash = "sha256:8ebb0e7888bdf2bdfc602ec51f8f62d50200af37356c74e503c79a94f5c81f32", size = 386453, upload-time = "2026-06-13T18:52:44.045Z" },
]

[[package]]
name = "python-dotenv"
version = "1.2.2"
source = { registry = "https://pypi.org/simple" }
sdist = { url = "https://files.pythonhosted.org/packages/82/ed/0301aeeac3e5353ef3d94b6ec08bbcabd04a72018415dcb29e588514bba8/python_dotenv-1.2.2.tar.gz", hash = "sha256:2c371a91fbd7ba082c2c1dc1f8bf89ca22564a087c2c287cd9b662adde799cf3", size = 50135, upload-time = "2026-03-01T16:00:26.196Z" }
wheels = [
    { url = "https://files.pythonhosted.org/packages/0b/d7/1959b9648791274998a9c3526f6d0ec8fd2233e4d4acce81bbae76b44b2a/python_dotenv-1.2.2-py3-none-any.whl", hash = "sha256:1d8214789a24de455a8b8bd8ae6fe3c6b69a5e3d64aa8a8e5d68e694bbcb285a", size = 22101, upload-time = "2026-03-01T16:00:25.09Z" },
]

[[package]]
name = "pyyaml"
version = "6.0.3"
source = { registry = "https://pypi.org/simple" }
sdist = { url = "https://files.pythonhosted.org/packages/05/8e/961c0007c59b8dd7729d542c61a4d537767a59645b82a0b521206e1e25c2/pyyaml-6.0.3.tar.gz", hash = "sha256:d76623373421df22fb4cf8817020cbb7ef15c725b9d5e45f17e189bfc384190f", size = 130960, upload-time = "2025-09-25T21:33:16.546Z" }
wheels = [
    { url = "https://files.pythonhosted.org/packages/d1/11/0fd08f8192109f7169db964b5707a2f1e8b745d4e239b784a5a1dd80d1db/pyyaml-6.0.3-cp313-cp313-macosx_10_13_x86_64.whl", hash = "sha256:8da9669d359f02c0b91ccc01cac4a67f16afec0dac22c2ad09f46bee0697eba8", size = 181669, upload-time = "2025-09-25T21:32:23.673Z" },
    { url = "https://files.pythonhosted.org/packages/b1/16/95309993f1d3748cd644e02e38b75d50cbc0d9561d21f390a76242ce073f/pyyaml-6.0.3-cp313-cp313-macosx_11_0_arm64.whl", hash = "sha256:2283a07e2c21a2aa78d9c4442724ec1eb15f5e42a723b99cb3d822d48f5f7ad1", size = 173252, upload-time = "2025-09-25T21:32:25.149Z" },
    { url = "https://files.pythonhosted.org/packages/50/31/b20f376d3f810b9b2371e72ef5adb33879b25edb7a6d072cb7ca0c486398/pyyaml-6.0.3-cp313-cp313-manylinux2014_aarch64.manylinux_2_17_aarch64.manylinux_2_28_aarch64.whl", hash = "sha256:ee2922902c45ae8ccada2c5b501ab86c36525b883eff4255313a253a3160861c", size = 767081, upload-time = "2025-09-25T21:32:26.575Z" },
    { url = "https://files.pythonhosted.org/packages/49/1e/a55ca81e949270d5d4432fbbd19dfea5321eda7c41a849d443dc92fd1ff7/pyyaml-6.0.3-cp313-cp313-manylinux2014_s390x.manylinux_2_17_s390x.manylinux_2_28_s390x.whl", hash = "sha256:a33284e20b78bd4a18c8c2282d549d10bc8408a2a7ff57653c0cf0b9be0afce5", size = 841159, upload-time = "2025-09-25T21:32:27.727Z" },
    { url = "https://files.pythonhosted.org/packages/74/27/e5b8f34d02d9995b80abcef563ea1f8b56d20134d8f4e5e81733b1feceb2/pyyaml-6.0.3-cp313-cp313-manylinux2014_x86_64.manylinux_2_17_x86_64.manylinux_2_28_x86_64.whl", hash = "sha256:0f29edc409a6392443abf94b9cf89ce99889a1dd5376d94316ae5145dfedd5d6", size = 801626, upload-time = "2025-09-25T21:32:28.878Z" },
    { url = "https://files.pythonhosted.org/packages/f9/11/ba845c23988798f40e52ba45f34849aa8a1f2d4af4b798588010792ebad6/pyyaml-6.0.3-cp313-cp313-musllinux_1_2_aarch64.whl", hash = "sha256:f7057c9a337546edc7973c0d3ba84ddcdf0daa14533c2065749c9075001090e6", size = 753613, upload-time = "2025-09-25T21:32:30.178Z" },
    { url = "https://files.pythonhosted.org/packages/3d/e0/7966e1a7bfc0a45bf0a7fb6b98ea03fc9b8d84fa7f2229e9659680b69ee3/pyyaml-6.0.3-cp313-cp313-musllinux_1_2_x86_64.whl", hash = "sha256:eda16858a3cab07b80edaf74336ece1f986ba330fdb8ee0d6c0d68fe82bc96be", size = 794115, upload-time = "2025-09-25T21:32:31.353Z" },
    { url = "https://files.pythonhosted.org/packages/de/94/980b50a6531b3019e45ddeada0626d45fa85cbe22300844a7983285bed3b/pyyaml-6.0.3-cp313-cp313-win32.whl", hash = "sha256:d0eae10f8159e8fdad514efdc92d74fd8d682c933a6dd088030f3834bc8e6b26", size = 137427, upload-time = "2025-09-25T21:32:32.58Z" },
    { url = "https://files.pythonhosted.org/packages/97/c9/39d5b874e8b28845e4ec2202b5da735d0199dbe5b8fb85f91398814a9a46/pyyaml-6.0.3-cp313-cp313-win_amd64.whl", hash = "sha256:79005a0d97d5ddabfeeea4cf676af11e647e41d81c9a7722a193022accdb6b7c", size = 154090, upload-time = "2025-09-25T21:32:33.659Z" },
    { url = "https://files.pythonhosted.org/packages/73/e8/2bdf3ca2090f68bb3d75b44da7bbc71843b19c9f2b9cb9b0f4ab7a5a4329/pyyaml-6.0.3-cp313-cp313-win_arm64.whl", hash = "sha256:5498cd1645aa724a7c71c8f378eb29ebe23da2fc0d7a08071d89469bf1d2defb", size = 140246, upload-time = "2025-09-25T21:32:34.663Z" },
    { url = "https://files.pythonhosted.org/packages/9d/8c/f4bd7f6465179953d3ac9bc44ac1a8a3e6122cf8ada906b4f96c60172d43/pyyaml-6.0.3-cp314-cp314-macosx_10_13_x86_64.whl", hash = "sha256:8d1fab6bb153a416f9aeb4b8763bc0f22a5586065f86f7664fc23339fc1c1fac", size = 181814, upload-time = "2025-09-25T21:32:35.712Z" },
    { url = "https://files.pythonhosted.org/packages/bd/9c/4d95bb87eb2063d20db7b60faa3840c1b18025517ae857371c4dd55a6b3a/pyyaml-6.0.3-cp314-cp314-macosx_11_0_arm64.whl", hash = "sha256:34d5fcd24b8445fadc33f9cf348c1047101756fd760b4dacb5c3e99755703310", size = 173809, upload-time = "2025-09-25T21:32:36.789Z" },
    { url = "https://files.pythonhosted.org/packages/92/b5/47e807c2623074914e29dabd16cbbdd4bf5e9b2db9f8090fa64411fc5382/pyyaml-6.0.3-cp314-cp314-manylinux2014_aarch64.manylinux_2_17_aarch64.manylinux_2_28_aarch64.whl", hash = "sha256:501a031947e3a9025ed4405a168e6ef5ae3126c59f90ce0cd6f2bfc477be31b7", size = 766454, upload-time = "2025-09-25T21:32:37.966Z" },
    { url = "https://files.pythonhosted.org/packages/02/9e/e5e9b168be58564121efb3de6859c452fccde0ab093d8438905899a3a483/pyyaml-6.0.3-cp314-cp314-manylinux2014_s390x.manylinux_2_17_s390x.manylinux_2_28_s390x.whl", hash = "sha256:b3bc83488de33889877a0f2543ade9f70c67d66d9ebb4ac959502e12de895788", size = 836355, upload-time = "2025-09-25T21:32:39.178Z" },
    { url = "https://files.pythonhosted.org/packages/88/f9/16491d7ed2a919954993e48aa941b200f38040928474c9e85ea9e64222c3/pyyaml-6.0.3-cp314-cp314-manylinux2014_x86_64.manylinux_2_17_x86_64.manylinux_2_28_x86_64.whl", hash = "sha256:c458b6d084f9b935061bc36216e8a69a7e293a2f1e68bf956dcd9e6cbcd143f5", size = 794175, upload-time = "2025-09-25T21:32:40.865Z" },
    { url = "https://files.pythonhosted.org/packages/dd/3f/5989debef34dc6397317802b527dbbafb2b4760878a53d4166579111411e/pyyaml-6.0.3-cp314-cp314-musllinux_1_2_aarch64.whl", hash = "sha256:7c6610def4f163542a622a73fb39f534f8c101d690126992300bf3207eab9764", size = 755228, upload-time = "2025-09-25T21:32:42.084Z" },
    { url = "https://files.pythonhosted.org/packages/d7/ce/af88a49043cd2e265be63d083fc75b27b6ed062f5f9fd6cdc223ad62f03e/pyyaml-6.0.3-cp314-cp314-musllinux_1_2_x86_64.whl", hash = "sha256:5190d403f121660ce8d1d2c1bb2ef1bd05b5f68533fc5c2ea899bd15f4399b35", size = 789194, upload-time = "2025-09-25T21:32:43.362Z" },
    { url = "https://files.pythonhosted.org/packages/23/20/bb6982b26a40bb43951265ba29d4c246ef0ff59c9fdcdf0ed04e0687de4d/pyyaml-6.0.3-cp314-cp314-win_amd64.whl", hash = "sha256:4a2e8cebe2ff6ab7d1050ecd59c25d4c8bd7e6f400f5f82b96557ac0abafd0ac", size = 156429, upload-time = "2025-09-25T21:32:57.844Z" },
    { url = "https://files.pythonhosted.org/packages/f4/f4/a4541072bb9422c8a883ab55255f918fa378ecf083f5b85e87fc2b4eda1b/pyyaml-6.0.3-cp314-cp314-win_arm64.whl", hash = "sha256:93dda82c9c22deb0a405ea4dc5f2d0cda384168e466364dec6255b293923b2f3", size = 143912, upload-time = "2025-09-25T21:32:59.247Z" },
    { url = "https://files.pythonhosted.org/packages/7c/f9/07dd09ae774e4616edf6cda684ee78f97777bdd15847253637a6f052a62f/pyyaml-6.0.3-cp314-cp314t-macosx_10_13_x86_64.whl", hash = "sha256:02893d100e99e03eda1c8fd5c441d8c60103fd175728e23e431db1b589cf5ab3", size = 189108, upload-time = "2025-09-25T21:32:44.377Z" },
    { url = "https://files.pythonhosted.org/packages/4e/78/8d08c9fb7ce09ad8c38ad533c1191cf27f7ae1effe5bb9400a46d9437fcf/pyyaml-6.0.3-cp314-cp314t-macosx_11_0_arm64.whl", hash = "sha256:c1ff362665ae507275af2853520967820d9124984e0f7466736aea23d8611fba", size = 183641, upload-time = "2025-09-25T21:32:45.407Z" },
    { url = "https://files.pythonhosted.org/packages/7b/5b/3babb19104a46945cf816d047db2788bcaf8c94527a805610b0289a01c6b/pyyaml-6.0.3-cp314-cp314t-manylinux2014_aarch64.manylinux_2_17_aarch64.manylinux_2_28_aarch64.whl", hash = "sha256:6adc77889b628398debc7b65c073bcb99c4a0237b248cacaf3fe8a557563ef6c", size = 831901, upload-time = "2025-09-25T21:32:48.83Z" },
    { url = "https://files.pythonhosted.org/packages/8b/cc/dff0684d8dc44da4d22a13f35f073d558c268780ce3c6ba1b87055bb0b87/pyyaml-6.0.3-cp314-cp314t-manylinux2014_s390x.manylinux_2_17_s390x.manylinux_2_28_s390x.whl", hash = "sha256:a80cb027f6b349846a3bf6d73b5e95e782175e52f22108cfa17876aaeff93702", size = 861132, upload-time = "2025-09-25T21:32:50.149Z" },
    { url = "https://files.pythonhosted.org/packages/b1/5e/f77dc6b9036943e285ba76b49e118d9ea929885becb0a29ba8a7c75e29fe/pyyaml-6.0.3-cp314-cp314t-manylinux2014_x86_64.manylinux_2_17_x86_64.manylinux_2_28_x86_64.whl", hash = "sha256:00c4bdeba853cc34e7dd471f16b4114f4162dc03e6b7afcc2128711f0eca823c", size = 839261, upload-time = "2025-09-25T21:32:51.808Z" },
    { url = "https://files.pythonhosted.org/packages/ce/88/a9db1376aa2a228197c58b37302f284b5617f56a5d959fd1763fb1675ce6/pyyaml-6.0.3-cp314-cp314t-musllinux_1_2_aarch64.whl", hash = "sha256:66e1674c3ef6f541c35191caae2d429b967b99e02040f5ba928632d9a7f0f065", size = 805272, upload-time = "2025-09-25T21:32:52.941Z" },
    { url = "https://files.pythonhosted.org/packages/da/92/1446574745d74df0c92e6aa4a7b0b3130706a4142b2d1a5869f2eaa423c6/pyyaml-6.0.3-cp314-cp314t-musllinux_1_2_x86_64.whl", hash = "sha256:16249ee61e95f858e83976573de0f5b2893b3677ba71c9dd36b9cf8be9ac6d65", size = 829923, upload-time = "2025-09-25T21:32:54.537Z" },
    { url = "https://files.pythonhosted.org/packages/f0/7a/1c7270340330e575b92f397352af856a8c06f230aa3e76f86b39d01b416a/pyyaml-6.0.3-cp314-cp314t-win_amd64.whl", hash = "sha256:4ad1906908f2f5ae4e5a8ddfce73c320c2a1429ec52eafd27138b7f1cbe341c9", size = 174062, upload-time = "2025-09-25T21:32:55.767Z" },
    { url = "https://files.pythonhosted.org/packages/f1/12/de94a39c2ef588c7e6455cfbe7343d3b2dc9d6b6b2f40c4c6565744c873d/pyyaml-6.0.3-cp314-cp314t-win_arm64.whl", hash = "sha256:ebc55a14a21cb14062aa4162f906cd962b28e2e9ea38f9b4391244cd8de4ae0b", size = 149341, upload-time = "2025-09-25T21:32:56.828Z" },
]

[[package]]
name = "report-cache"
version = "0.1.0"
source = { editable = "../report_cache" }
dependencies = [
    { name = "attrs" },
    { name = "markdownify" },
    { name = "pypdf" },
    { name = "pyyaml" },
    { name = "whimsy-lookup" },
]

[package.metadata]
requires-dist = [
    { name = "attrs" },
    { name = "markdownify" },
    { name = "pypdf" },
    { name = "pytest", marker = "extra == 'test'", specifier = ">=7.0" },
    { name = "pyyaml" },
    { name = "whimsy-lookup", editable = "../whimsy_lookup" },
]
provides-extras = ["test"]

[[package]]
name = "six"
version = "1.17.0"
source = { registry = "https://pypi.org/simple" }
sdist = { url = "https://files.pythonhosted.org/packages/94/e7/b2c673351809dca68a0e064b6af791aa332cf192da575fd474ed7d6f16a2/six-1.17.0.tar.gz", hash = "sha256:ff70335d468e7eb6ec65b95b99d3a2836546063f63acc5171de367e834932a81", size = 34031, upload-time = "2024-12-04T17:35:28.174Z" }
wheels = [
    { url = "https://files.pythonhosted.org/packages/b7/ce/149a00dd41f10bc29e5921b496af8b574d8413afcd5e30dfa0ed46c2cc5e/six-1.17.0-py2.py3-none-any.whl", hash = "sha256:4721f391ed90541fddacab5acf947aa0d3dc7d27b2e1e8eda2be8970586c3274", size = 11050, upload-time = "2024-12-04T17:35:26.475Z" },
]

[[package]]
name = "soupsieve"
version = "2.8.4"
source = { registry = "https://pypi.org/simple" }
sdist = { url = "https://files.pythonhosted.org/packages/47/2c/0a5f6f8ee0d5589e48c7640213ed5175d52cf540a06725b628cc1a45d6ce/soupsieve-2.8.4.tar.gz", hash = "sha256:e121fd02e975c695e4e9e8774a5ee35d74714b59307868dcc5319ad2d9e3328e", size = 121110, upload-time = "2026-05-24T13:55:57.154Z" }
wheels = [
    { url = "https://files.pythonhosted.org/packages/5e/f5/0c41cb68dcae6b7de4fac4188a3a9589e21fb31df21ea3a2e888db95e6c9/soupsieve-2.8.4-py3-none-any.whl", hash = "sha256:e7e6b0769c8f51ed59acab6e994b00621096cfb1c640a7509295987388fbaf65", size = 37304, upload-time = "2026-05-24T13:55:55.406Z" },
]

[[package]]
name = "typing-extensions"
version = "4.16.0"
source = { registry = "https://pypi.org/simple" }
sdist = { url = "https://files.pythonhosted.org/packages/f6/cc/6253133b5bb138fc3306cebfbda2c520f545d36b5be2c7255cc528bb45d6/typing_extensions-4.16.0.tar.gz", hash = "sha256:dc983d19a509c94dba722ee6abd33940f7c05a89e243c47e907eb4db6f1a43e5", size = 113555, upload-time = "2026-07-02T08:40:05.92Z" }
wheels = [
    { url = "https://files.pythonhosted.org/packages/49/d3/b8441a820a491ddfc024b0b0cf0393375b75ea13866d9c66727e54c2fc80/typing_extensions-4.16.0-py3-none-any.whl", hash = "sha256:481caa481374e813c1b176ada14e97f1f67a4539ce9cfeb3f350d78d6370c2e8", size = 45571, upload-time = "2026-07-02T08:40:04.659Z" },
]

[[package]]
name = "whimsy-lookup"
version = "0.1.0"
source = { editable = "../whimsy_lookup" }

[package.metadata]
requires-dist = [{ name = "pytest", marker = "extra == 'test'", specifier = ">=7.0" }]
provides-extras = ["test"]
